{
  "version": 4,
  "terraform_version": "1.8.4",
  "serial": 32,
  "lineage": "9805a024-5214-c8f4-9d43-b0f20876d78c",
  "outputs": {},
  "resources": [
    {
      "mode": "managed",
      "type": "google_dialogflow_cx_agent",
      "name": "agent",
      "provider": "provider[\"registry.terraform.io/hashicorp/google\"]",
      "instances": [
        {
          "schema_version": 0,
          "attributes": {
            "advanced_settings": [
              {
                "audio_export_gcs_destination": [],
                "dtmf_settings": []
              }
            ],
            "avatar_uri": "",
            "default_language_code": "en",
            "description": "",
            "display_name": "travel-agent",
            "enable_spell_correction": false,
            "enable_stackdriver_logging": false,
            "git_integration_settings": [],
            "id": "projects/cld-chatbot/locations/us-central1/agents/4f367396-5a7c-4d06-b405-b8c6d111d276",
            "location": "us-central1",
            "name": "4f367396-5a7c-4d06-b405-b8c6d111d276",
            "project": "cld-chatbot",
            "security_settings": "",
            "speech_to_text_settings": [],
            "start_flow": "projects/cld-chatbot/locations/us-central1/agents/4f367396-5a7c-4d06-b405-b8c6d111d276/flows/00000000-0000-0000-0000-000000000000",
            "supported_language_codes": [],
            "text_to_speech_settings": [],
            "time_zone": "America/Chicago",
            "timeouts": null
          },
          "sensitive_attributes": [],
          "private": "eyJlMmJmYjczMC1lY2FhLTExZTYtOGY4OC0zNDM2M2JjN2M0YzAiOnsiY3JlYXRlIjoyNDAwMDAwMDAwMDAwLCJkZWxldGUiOjEyMDAwMDAwMDAwMDAsInVwZGF0ZSI6MjQwMDAwMDAwMDAwMH19"
        }
      ]
    },
    {
      "mode": "managed",
      "type": "google_dialogflow_cx_entity_type",
      "name": "airline",
      "provider": "provider[\"registry.terraform.io/hashicorp/google\"]",
      "instances": [
        {
          "schema_version": 0,
          "attributes": {
            "auto_expansion_mode": "",
            "display_name": "Airline",
            "enable_fuzzy_extraction": false,
            "entities": [
              {
                "synonyms": [
                  "AA"
                ],
                "value": "American Airlines"
              },
              {
                "synonyms": [
                  "Delta Airlines"
                ],
                "value": "Delta"
              }
            ],
            "excluded_phrases": [],
            "id": "projects/cld-chatbot/locations/us-central1/agents/4f367396-5a7c-4d06-b405-b8c6d111d276/entityTypes/94c09cfc-68ae-4f18-bdaf-8dd7236fcb84",
            "kind": "KIND_MAP",
            "language_code": null,
            "name": "94c09cfc-68ae-4f18-bdaf-8dd7236fcb84",
            "parent": "projects/cld-chatbot/locations/us-central1/agents/4f367396-5a7c-4d06-b405-b8c6d111d276",
            "redact": false,
            "timeouts": null
          },
          "sensitive_attributes": [],
          "private": "eyJlMmJmYjczMC1lY2FhLTExZTYtOGY4OC0zNDM2M2JjN2M0YzAiOnsiY3JlYXRlIjoyNDAwMDAwMDAwMDAwLCJkZWxldGUiOjEyMDAwMDAwMDAwMDAsInVwZGF0ZSI6MjQwMDAwMDAwMDAwMH19",
          "dependencies": [
            "google_dialogflow_cx_agent.agent"
          ]
        }
      ]
    },
    {
      "mode": "managed",
      "type": "google_dialogflow_cx_entity_type",
      "name": "city",
      "provider": "provider[\"registry.terraform.io/hashicorp/google\"]",
      "instances": [
        {
          "schema_version": 0,
          "attributes": {
            "auto_expansion_mode": "",
            "display_name": "City",
            "enable_fuzzy_extraction": false,
            "entities": [
              {
                "synonyms": [
                  "NYC",
                  "New York City"
                ],
                "value": "New York"
              },
              {
                "synonyms": [
                  "LA"
                ],
                "value": "Los Angeles"
              }
            ],
            "excluded_phrases": [],
            "id": "projects/cld-chatbot/locations/us-central1/agents/4f367396-5a7c-4d06-b405-b8c6d111d276/entityTypes/0b59e9ef-ed51-4ccd-a9fa-adb9d5099c2a",
            "kind": "KIND_MAP",
            "language_code": null,
            "name": "0b59e9ef-ed51-4ccd-a9fa-adb9d5099c2a",
            "parent": "projects/cld-chatbot/locations/us-central1/agents/4f367396-5a7c-4d06-b405-b8c6d111d276",
            "redact": false,
            "timeouts": null
          },
          "sensitive_attributes": [],
          "private": "eyJlMmJmYjczMC1lY2FhLTExZTYtOGY4OC0zNDM2M2JjN2M0YzAiOnsiY3JlYXRlIjoyNDAwMDAwMDAwMDAwLCJkZWxldGUiOjEyMDAwMDAwMDAwMDAsInVwZGF0ZSI6MjQwMDAwMDAwMDAwMH19",
          "dependencies": [
            "google_dialogflow_cx_agent.agent"
          ]
        }
      ]
    },
    {
      "mode": "managed",
      "type": "google_dialogflow_cx_entity_type",
      "name": "date",
      "provider": "provider[\"registry.terraform.io/hashicorp/google\"]",
      "instances": [
        {
          "schema_version": 0,
          "attributes": {
            "auto_expansion_mode": "",
            "display_name": "Date",
            "enable_fuzzy_extraction": false,
            "entities": [
              {
                "synonyms": [
                  "New Year's Day",
                  "January 1st"
                ],
                "value": "2023-01-01"
              }
            ],
            "excluded_phrases": [],
            "id": "projects/cld-chatbot/locations/us-central1/agents/4f367396-5a7c-4d06-b405-b8c6d111d276/entityTypes/185f241c-0d2a-488f-b327-5cb87d84032d",
            "kind": "KIND_MAP",
            "language_code": null,
            "name": "185f241c-0d2a-488f-b327-5cb87d84032d",
            "parent": "projects/cld-chatbot/locations/us-central1/agents/4f367396-5a7c-4d06-b405-b8c6d111d276",
            "redact": false,
            "timeouts": null
          },
          "sensitive_attributes": [],
          "private": "eyJlMmJmYjczMC1lY2FhLTExZTYtOGY4OC0zNDM2M2JjN2M0YzAiOnsiY3JlYXRlIjoyNDAwMDAwMDAwMDAwLCJkZWxldGUiOjEyMDAwMDAwMDAwMDAsInVwZGF0ZSI6MjQwMDAwMDAwMDAwMH19",
          "dependencies": [
            "google_dialogflow_cx_agent.agent"
          ]
        }
      ]
    },
    {
      "mode": "managed",
      "type": "google_dialogflow_cx_entity_type",
      "name": "size",
      "provider": "provider[\"registry.terraform.io/hashicorp/google\"]",
      "instances": [
        {
          "schema_version": 0,
          "attributes": {
            "auto_expansion_mode": "",
            "display_name": "size",
            "enable_fuzzy_extraction": false,
            "entities": [
              {
                "synonyms": [
                  "little",
                  "small",
                  "tiny"
                ],
                "value": "small"
              },
              {
                "synonyms": [
                  "medium",
                  "regular",
                  "average"
                ],
                "value": "medium"
              },
              {
                "synonyms": [
                  "big",
                  "giant",
                  "large"
                ],
                "value": "large"
              }
            ],
            "excluded_phrases": [],
            "id": "projects/cld-chatbot/locations/us-central1/agents/4f367396-5a7c-4d06-b405-b8c6d111d276/entityTypes/6330bb91-eac2-4005-aeda-029eab9b5366",
            "kind": "KIND_MAP",
            "language_code": null,
            "name": "6330bb91-eac2-4005-aeda-029eab9b5366",
            "parent": "projects/cld-chatbot/locations/us-central1/agents/4f367396-5a7c-4d06-b405-b8c6d111d276",
            "redact": false,
            "timeouts": null
          },
          "sensitive_attributes": [],
          "private": "eyJlMmJmYjczMC1lY2FhLTExZTYtOGY4OC0zNDM2M2JjN2M0YzAiOnsiY3JlYXRlIjoyNDAwMDAwMDAwMDAwLCJkZWxldGUiOjEyMDAwMDAwMDAwMDAsInVwZGF0ZSI6MjQwMDAwMDAwMDAwMH19",
          "dependencies": [
            "google_dialogflow_cx_agent.agent"
          ]
        }
      ]
    },
    {
      "mode": "managed",
      "type": "google_dialogflow_cx_flow",
      "name": "book_flight_flow",
      "provider": "provider[\"registry.terraform.io/hashicorp/google\"]",
      "instances": [
        {
          "schema_version": 0,
          "attributes": {
            "advanced_settings": [],
            "description": "Flow for booking flights.",
            "display_name": "BookFlightFlow",
            "event_handlers": [
              {
                "event": "custom-event",
                "name": "866be60c-8f0f-469c-abcc-c821a1f2676b",
                "target_flow": "",
                "target_page": "",
                "trigger_fulfillment": [
                  {
                    "conditional_cases": [],
                    "messages": [
                      {
                        "channel": "",
                        "conversation_success": [],
                        "live_agent_handoff": [],
                        "output_audio_text": [],
                        "payload": "",
                        "play_audio": [],
                        "telephony_transfer_call": [],
                        "text": [
                          {
                            "allow_playback_interruption": false,
                            "text": [
                              "I didn't get that. Can you say it again?"
                            ]
                          }
                        ]
                      }
                    ],
                    "return_partial_responses": false,
                    "set_parameter_actions": [],
                    "tag": "",
                    "webhook": ""
                  }
                ]
              },
              {
                "event": "sys.no-match-default",
                "name": "177dd58a-d2fd-4855-9443-a9e7e239e95a",
                "target_flow": "",
                "target_page": "",
                "trigger_fulfillment": [
                  {
                    "conditional_cases": [],
                    "messages": [
                      {
                        "channel": "",
                        "conversation_success": [],
                        "live_agent_handoff": [],
                        "output_audio_text": [],
                        "payload": "",
                        "play_audio": [],
                        "telephony_transfer_call": [],
                        "text": [
                          {
                            "allow_playback_interruption": false,
                            "text": [
                              "Sorry, could you say that again?"
                            ]
                          }
                        ]
                      }
                    ],
                    "return_partial_responses": false,
                    "set_parameter_actions": [],
                    "tag": "",
                    "webhook": ""
                  }
                ]
              },
              {
                "event": "sys.no-input-default",
                "name": "86eada68-be6d-4a29-a2d2-3a6a7a542e5b",
                "target_flow": "",
                "target_page": "",
                "trigger_fulfillment": [
                  {
                    "conditional_cases": [],
                    "messages": [
                      {
                        "channel": "",
                        "conversation_success": [],
                        "live_agent_handoff": [],
                        "output_audio_text": [],
                        "payload": "",
                        "play_audio": [],
                        "telephony_transfer_call": [],
                        "text": [
                          {
                            "allow_playback_interruption": false,
                            "text": [
                              "One more time?"
                            ]
                          }
                        ]
                      }
                    ],
                    "return_partial_responses": false,
                    "set_parameter_actions": [],
                    "tag": "",
                    "webhook": ""
                  }
                ]
              }
            ],
            "id": "projects/cld-chatbot/locations/us-central1/agents/4f367396-5a7c-4d06-b405-b8c6d111d276/flows/45541d6e-a29d-4323-8419-673bb84ee242",
            "is_default_start_flow": null,
            "language_code": "",
            "name": "45541d6e-a29d-4323-8419-673bb84ee242",
            "nlu_settings": [
              {
                "classification_threshold": 0.3,
                "model_training_mode": "",
                "model_type": "MODEL_TYPE_STANDARD"
              }
            ],
            "parent": "projects/cld-chatbot/locations/us-central1/agents/4f367396-5a7c-4d06-b405-b8c6d111d276",
            "timeouts": null,
            "transition_route_groups": [],
            "transition_routes": []
          },
          "sensitive_attributes": [],
          "private": "eyJlMmJmYjczMC1lY2FhLTExZTYtOGY4OC0zNDM2M2JjN2M0YzAiOnsiY3JlYXRlIjoyNDAwMDAwMDAwMDAwLCJkZWxldGUiOjEyMDAwMDAwMDAwMDAsInVwZGF0ZSI6MjQwMDAwMDAwMDAwMH19",
          "dependencies": [
            "google_dialogflow_cx_agent.agent"
          ]
        }
      ]
    },
    {
      "mode": "managed",
      "type": "google_dialogflow_cx_intent",
      "name": "book_flight_intent",
      "provider": "provider[\"registry.terraform.io/hashicorp/google\"]",
      "instances": [
        {
          "schema_version": 0,
          "attributes": {
            "description": "",
            "display_name": "BookFlight",
            "effective_labels": {},
            "id": "projects/cld-chatbot/locations/us-central1/agents/4f367396-5a7c-4d06-b405-b8c6d111d276/intents/66f4e07b-3896-4965-836b-c235f1a1b134",
            "is_default_negative_intent": null,
            "is_default_welcome_intent": null,
            "is_fallback": false,
            "labels": {},
            "language_code": "",
            "name": "66f4e07b-3896-4965-836b-c235f1a1b134",
            "parameters": [],
            "parent": "projects/cld-chatbot/locations/us-central1/agents/4f367396-5a7c-4d06-b405-b8c6d111d276",
            "priority": 500000,
            "terraform_labels": {},
            "timeouts": null,
            "training_phrases": [
              {
                "id": "",
                "parts": [
                  {
                    "parameter_id": "",
                    "text": "I want to book a flight"
                  },
                  {
                    "parameter_id": "",
                    "text": "Can you help me book a flight?"
                  },
                  {
                    "parameter_id": "",
                    "text": "I need to fly to [destination]"
                  }
                ],
                "repeat_count": 1
              }
            ]
          },
          "sensitive_attributes": [],
          "private": "eyJlMmJmYjczMC1lY2FhLTExZTYtOGY4OC0zNDM2M2JjN2M0YzAiOnsiY3JlYXRlIjoyNDAwMDAwMDAwMDAwLCJkZWxldGUiOjEyMDAwMDAwMDAwMDAsInVwZGF0ZSI6MjQwMDAwMDAwMDAwMH19",
          "dependencies": [
            "google_dialogflow_cx_agent.agent"
          ]
        }
      ]
    },
    {
      "mode": "managed",
      "type": "google_dialogflow_cx_intent",
      "name": "order_new",
      "provider": "provider[\"registry.terraform.io/hashicorp/google\"]",
      "instances": [
        {
          "schema_version": 0,
          "attributes": {
            "description": "",
            "display_name": "order.new",
            "effective_labels": {},
            "id": "projects/cld-chatbot/locations/us-central1/agents/4f367396-5a7c-4d06-b405-b8c6d111d276/intents/79499b42-7d46-43ba-abec-1221416be9a9",
            "is_default_negative_intent": null,
            "is_default_welcome_intent": null,
            "is_fallback": false,
            "labels": {},
            "language_code": "",
            "name": "79499b42-7d46-43ba-abec-1221416be9a9",
            "parameters": [
              {
                "entity_type": "projects/-/locations/-/agents/-/entityTypes/sys.color",
                "id": "color",
                "is_list": false,
                "redact": false
              },
              {
                "entity_type": "projects/cld-chatbot/locations/us-central1/agents/4f367396-5a7c-4d06-b405-b8c6d111d276/entityTypes/6330bb91-eac2-4005-aeda-029eab9b5366",
                "id": "size",
                "is_list": false,
                "redact": false
              }
            ],
            "parent": "projects/cld-chatbot/locations/us-central1/agents/4f367396-5a7c-4d06-b405-b8c6d111d276",
            "priority": 500000,
            "terraform_labels": {},
            "timeouts": null,
            "training_phrases": [
              {
                "id": "",
                "parts": [
                  {
                    "parameter_id": "",
                    "text": "I want to place an order"
                  }
                ],
                "repeat_count": 1
              },
              {
                "id": "",
                "parts": [
                  {
                    "parameter_id": "",
                    "text": "I want to buy a shirt"
                  }
                ],
                "repeat_count": 1
              },
              {
                "id": "",
                "parts": [
                  {
                    "parameter_id": "",
                    "text": "Order a shirt"
                  }
                ],
                "repeat_count": 1
              },
              {
                "id": "",
                "parts": [
                  {
                    "parameter_id": "",
                    "text": "Buy your "
                  },
                  {
                    "parameter_id": "color",
                    "text": "pink"
                  },
                  {
                    "parameter_id": "",
                    "text": " shirt"
                  }
                ],
                "repeat_count": 1
              },
              {
                "id": "",
                "parts": [
                  {
                    "parameter_id": "",
                    "text": "Make a purchase"
                  }
                ],
                "repeat_count": 1
              },
              {
                "id": "",
                "parts": [
                  {
                    "parameter_id": "",
                    "text": "I want a "
                  },
                  {
                    "parameter_id": "size",
                    "text": "small"
                  },
                  {
                    "parameter_id": "",
                    "text": " shirt"
                  }
                ],
                "repeat_count": 1
              },
              {
                "id": "",
                "parts": [
                  {
                    "parameter_id": "",
                    "text": "I want a "
                  },
                  {
                    "parameter_id": "size",
                    "text": "large"
                  },
                  {
                    "parameter_id": "",
                    "text": ", "
                  },
                  {
                    "parameter_id": "color",
                    "text": "red"
                  },
                  {
                    "parameter_id": "",
                    "text": " shirt"
                  }
                ],
                "repeat_count": 1
              },
              {
                "id": "",
                "parts": [
                  {
                    "parameter_id": "",
                    "text": "I want a "
                  },
                  {
                    "parameter_id": "color",
                    "text": "blue"
                  },
                  {
                    "parameter_id": "",
                    "text": " shirt"
                  }
                ],
                "repeat_count": 1
              },
              {
                "id": "",
                "parts": [
                  {
                    "parameter_id": "",
                    "text": "I need a shirt"
                  }
                ],
                "repeat_count": 1
              },
              {
                "id": "",
                "parts": [
                  {
                    "parameter_id": "",
                    "text": "I need a "
                  },
                  {
                    "parameter_id": "color",
                    "text": "yellow"
                  },
                  {
                    "parameter_id": "",
                    "text": " shirt"
                  }
                ],
                "repeat_count": 1
              }
            ]
          },
          "sensitive_attributes": [],
          "private": "eyJlMmJmYjczMC1lY2FhLTExZTYtOGY4OC0zNDM2M2JjN2M0YzAiOnsiY3JlYXRlIjoyNDAwMDAwMDAwMDAwLCJkZWxldGUiOjEyMDAwMDAwMDAwMDAsInVwZGF0ZSI6MjQwMDAwMDAwMDAwMH19",
          "dependencies": [
            "google_dialogflow_cx_agent.agent",
            "google_dialogflow_cx_entity_type.size"
          ]
        }
      ]
    },
    {
      "mode": "managed",
      "type": "google_dialogflow_cx_intent",
      "name": "store_hours",
      "provider": "provider[\"registry.terraform.io/hashicorp/google\"]",
      "instances": [
        {
          "schema_version": 0,
          "attributes": {
            "description": "",
            "display_name": "store.hours",
            "effective_labels": {},
            "id": "projects/cld-chatbot/locations/us-central1/agents/4f367396-5a7c-4d06-b405-b8c6d111d276/intents/b921cba5-be54-4eff-8ffd-faec14a369d3",
            "is_default_negative_intent": null,
            "is_default_welcome_intent": null,
            "is_fallback": false,
            "labels": {},
            "language_code": "",
            "name": "b921cba5-be54-4eff-8ffd-faec14a369d3",
            "parameters": [],
            "parent": "projects/cld-chatbot/locations/us-central1/agents/4f367396-5a7c-4d06-b405-b8c6d111d276",
            "priority": 500000,
            "terraform_labels": {},
            "timeouts": null,
            "training_phrases": [
              {
                "id": "",
                "parts": [
                  {
                    "parameter_id": "",
                    "text": "What time do you close?"
                  }
                ],
                "repeat_count": 1
              },
              {
                "id": "",
                "parts": [
                  {
                    "parameter_id": "",
                    "text": "What are your store hours?"
                  }
                ],
                "repeat_count": 1
              }
            ]
          },
          "sensitive_attributes": [],
          "private": "eyJlMmJmYjczMC1lY2FhLTExZTYtOGY4OC0zNDM2M2JjN2M0YzAiOnsiY3JlYXRlIjoyNDAwMDAwMDAwMDAwLCJkZWxldGUiOjEyMDAwMDAwMDAwMDAsInVwZGF0ZSI6MjQwMDAwMDAwMDAwMH19",
          "dependencies": [
            "google_dialogflow_cx_agent.agent"
          ]
        }
      ]
    },
    {
      "mode": "managed",
      "type": "google_dialogflow_cx_intent",
      "name": "store_location",
      "provider": "provider[\"registry.terraform.io/hashicorp/google\"]",
      "instances": [
        {
          "schema_version": 0,
          "attributes": {
            "description": "",
            "display_name": "store.location",
            "effective_labels": {},
            "id": "projects/cld-chatbot/locations/us-central1/agents/4f367396-5a7c-4d06-b405-b8c6d111d276/intents/c5f4ad96-d84d-4ff3-9243-a3daf119d5ce",
            "is_default_negative_intent": null,
            "is_default_welcome_intent": null,
            "is_fallback": false,
            "labels": {},
            "language_code": "",
            "name": "c5f4ad96-d84d-4ff3-9243-a3daf119d5ce",
            "parameters": [],
            "parent": "projects/cld-chatbot/locations/us-central1/agents/4f367396-5a7c-4d06-b405-b8c6d111d276",
            "priority": 500000,
            "terraform_labels": {},
            "timeouts": null,
            "training_phrases": [
              {
                "id": "",
                "parts": [
                  {
                    "parameter_id": "",
                    "text": "Where are you located?"
                  }
                ],
                "repeat_count": 1
              },
              {
                "id": "",
                "parts": [
                  {
                    "parameter_id": "",
                    "text": "How do I get to your store?"
                  }
                ],
                "repeat_count": 1
              },
              {
                "id": "",
                "parts": [
                  {
                    "parameter_id": "",
                    "text": "What is your address?"
                  }
                ],
                "repeat_count": 1
              },
              {
                "id": "",
                "parts": [
                  {
                    "parameter_id": "",
                    "text": "What street are you on?"
                  }
                ],
                "repeat_count": 1
              },
              {
                "id": "",
                "parts": [
                  {
                    "parameter_id": "",
                    "text": "Where is the store located?"
                  }
                ],
                "repeat_count": 1
              },
              {
                "id": "",
                "parts": [
                  {
                    "parameter_id": "",
                    "text": "How do I get there?"
                  }
                ],
                "repeat_count": 1
              },
              {
                "id": "",
                "parts": [
                  {
                    "parameter_id": "",
                    "text": "Where do I pick up my order?"
                  }
                ],
                "repeat_count": 1
              },
              {
                "id": "",
                "parts": [
                  {
                    "parameter_id": "",
                    "text": "Tell me the address"
                  }
                ],
                "repeat_count": 1
              },
              {
                "id": "",
                "parts": [
                  {
                    "parameter_id": "",
                    "text": "Directions"
                  }
                ],
                "repeat_count": 1
              },
              {
                "id": "",
                "parts": [
                  {
                    "parameter_id": "",
                    "text": "Where is the store?"
                  }
                ],
                "repeat_count": 1
              }
            ]
          },
          "sensitive_attributes": [],
          "private": "eyJlMmJmYjczMC1lY2FhLTExZTYtOGY4OC0zNDM2M2JjN2M0YzAiOnsiY3JlYXRlIjoyNDAwMDAwMDAwMDAwLCJkZWxldGUiOjEyMDAwMDAwMDAwMDAsInVwZGF0ZSI6MjQwMDAwMDAwMDAwMH19",
          "dependencies": [
            "google_dialogflow_cx_agent.agent"
          ]
        }
      ]
    },
    {
      "mode": "managed",
      "type": "google_dialogflow_cx_page",
      "name": "new_order",
      "provider": "provider[\"registry.terraform.io/hashicorp/google\"]",
      "instances": [
        {
          "schema_version": 0,
          "attributes": {
            "advanced_settings": [],
            "display_name": "New Order",
            "entry_fulfillment": [],
            "event_handlers": [],
            "form": [
              {
                "parameters": [
                  {
                    "advanced_settings": [],
                    "default_value": "",
                    "display_name": "color",
                    "entity_type": "projects/-/locations/-/agents/-/entityTypes/sys.color",
                    "fill_behavior": [
                      {
                        "initial_prompt_fulfillment": [
                          {
                            "conditional_cases": [],
                            "messages": [
                              {
                                "channel": "",
                                "conversation_success": [],
                                "live_agent_handoff": [],
                                "output_audio_text": [],
                                "payload": "",
                                "play_audio": [],
                                "telephony_transfer_call": [],
                                "text": [
                                  {
                                    "allow_playback_interruption": false,
                                    "text": [
                                      "What color would you like?"
                                    ]
                                  }
                                ]
                              }
                            ],
                            "return_partial_responses": false,
                            "set_parameter_actions": [],
                            "tag": "",
                            "webhook": ""
                          }
                        ],
                        "reprompt_event_handlers": []
                      }
                    ],
                    "is_list": false,
                    "redact": false,
                    "required": true
                  },
                  {
                    "advanced_settings": [],
                    "default_value": "",
                    "display_name": "size",
                    "entity_type": "projects/cld-chatbot/locations/us-central1/agents/4f367396-5a7c-4d06-b405-b8c6d111d276/entityTypes/6330bb91-eac2-4005-aeda-029eab9b5366",
                    "fill_behavior": [
                      {
                        "initial_prompt_fulfillment": [
                          {
                            "conditional_cases": [],
                            "messages": [
                              {
                                "channel": "",
                                "conversation_success": [],
                                "live_agent_handoff": [],
                                "output_audio_text": [],
                                "payload": "",
                                "play_audio": [],
                                "telephony_transfer_call": [],
                                "text": [
                                  {
                                    "allow_playback_interruption": false,
                                    "text": [
                                      "What size do you want?"
                                    ]
                                  }
                                ]
                              }
                            ],
                            "return_partial_responses": false,
                            "set_parameter_actions": [],
                            "tag": "",
                            "webhook": ""
                          }
                        ],
                        "reprompt_event_handlers": []
                      }
                    ],
                    "is_list": false,
                    "redact": false,
                    "required": true
                  }
                ]
              }
            ],
            "id": "projects/cld-chatbot/locations/us-central1/agents/4f367396-5a7c-4d06-b405-b8c6d111d276/flows/00000000-0000-0000-0000-000000000000/pages/55302aaf-2b31-4c2b-8eee-3a28221609d2",
            "language_code": "",
            "name": "55302aaf-2b31-4c2b-8eee-3a28221609d2",
            "parent": "projects/cld-chatbot/locations/us-central1/agents/4f367396-5a7c-4d06-b405-b8c6d111d276/flows/00000000-0000-0000-0000-000000000000",
            "timeouts": null,
            "transition_route_groups": [],
            "transition_routes": [
              {
                "condition": "$page.params.status = \"FINAL\"",
                "intent": "",
                "name": "1f2a2251-4898-4da8-878a-38089118fc23",
                "target_flow": "",
                "target_page": "projects/cld-chatbot/locations/us-central1/agents/4f367396-5a7c-4d06-b405-b8c6d111d276/flows/00000000-0000-0000-0000-000000000000/pages/6c169a5d-ab05-46af-b0b9-3e8b5344d888",
                "trigger_fulfillment": [
                  {
                    "conditional_cases": [],
                    "messages": [
                      {
                        "channel": "",
                        "conversation_success": [],
                        "live_agent_handoff": [],
                        "output_audio_text": [],
                        "payload": "",
                        "play_audio": [],
                        "telephony_transfer_call": [],
                        "text": [
                          {
                            "allow_playback_interruption": false,
                            "text": [
                              "You have selected a $session.params.size, $session.params.color shirt."
                            ]
                          }
                        ]
                      }
                    ],
                    "return_partial_responses": false,
                    "set_parameter_actions": [],
                    "tag": "",
                    "webhook": ""
                  }
                ]
              },
              {
                "condition": "true",
                "intent": "",
                "name": "075b64ef-0974-487c-a410-44f19f35043e",
                "target_flow": "",
                "target_page": "",
                "trigger_fulfillment": [
                  {
                    "conditional_cases": [],
                    "messages": [
                      {
                        "channel": "",
                        "conversation_success": [],
                        "live_agent_handoff": [],
                        "output_audio_text": [],
                        "payload": "",
                        "play_audio": [],
                        "telephony_transfer_call": [],
                        "text": [
                          {
                            "allow_playback_interruption": false,
                            "text": [
                              "I'd like to collect a bit more information from you."
                            ]
                          }
                        ]
                      }
                    ],
                    "return_partial_responses": false,
                    "set_parameter_actions": [],
                    "tag": "",
                    "webhook": ""
                  }
                ]
              }
            ]
          },
          "sensitive_attributes": [],
          "private": "eyJlMmJmYjczMC1lY2FhLTExZTYtOGY4OC0zNDM2M2JjN2M0YzAiOnsiY3JlYXRlIjoyNDAwMDAwMDAwMDAwLCJkZWxldGUiOjEyMDAwMDAwMDAwMDAsInVwZGF0ZSI6MjQwMDAwMDAwMDAwMH19",
          "dependencies": [
            "google_dialogflow_cx_agent.agent",
            "google_dialogflow_cx_entity_type.size",
            "google_dialogflow_cx_page.order_confirmation"
          ]
        }
      ]
    },
    {
      "mode": "managed",
      "type": "google_dialogflow_cx_page",
      "name": "order_confirmation",
      "provider": "provider[\"registry.terraform.io/hashicorp/google\"]",
      "instances": [
        {
          "schema_version": 0,
          "attributes": {
            "advanced_settings": [],
            "display_name": "Order Confirmation",
            "entry_fulfillment": [
              {
                "conditional_cases": [],
                "messages": [
                  {
                    "channel": "",
                    "conversation_success": [],
                    "live_agent_handoff": [],
                    "output_audio_text": [],
                    "payload": "",
                    "play_audio": [],
                    "telephony_transfer_call": [],
                    "text": [
                      {
                        "allow_playback_interruption": false,
                        "text": [
                          "You can pick up your order for a $session.params.size $session.params.color shirt in 7 to 10 business days. Goodbye."
                        ]
                      }
                    ]
                  }
                ],
                "return_partial_responses": false,
                "set_parameter_actions": [],
                "tag": "",
                "webhook": ""
              }
            ],
            "event_handlers": [],
            "form": [],
            "id": "projects/cld-chatbot/locations/us-central1/agents/4f367396-5a7c-4d06-b405-b8c6d111d276/flows/00000000-0000-0000-0000-000000000000/pages/6c169a5d-ab05-46af-b0b9-3e8b5344d888",
            "language_code": "",
            "name": "6c169a5d-ab05-46af-b0b9-3e8b5344d888",
            "parent": "projects/cld-chatbot/locations/us-central1/agents/4f367396-5a7c-4d06-b405-b8c6d111d276/flows/00000000-0000-0000-0000-000000000000",
            "timeouts": null,
            "transition_route_groups": [],
            "transition_routes": [
              {
                "condition": "true",
                "intent": "",
                "name": "d2ed3e49-5997-4e6c-ac14-3e6302534bc9",
                "target_flow": "",
                "target_page": "projects/cld-chatbot/locations/us-central1/agents/4f367396-5a7c-4d06-b405-b8c6d111d276/flows/00000000-0000-0000-0000-000000000000/pages/END_SESSION",
                "trigger_fulfillment": []
              }
            ]
          },
          "sensitive_attributes": [],
          "private": "eyJlMmJmYjczMC1lY2FhLTExZTYtOGY4OC0zNDM2M2JjN2M0YzAiOnsiY3JlYXRlIjoyNDAwMDAwMDAwMDAwLCJkZWxldGUiOjEyMDAwMDAwMDAwMDAsInVwZGF0ZSI6MjQwMDAwMDAwMDAwMH19",
          "dependencies": [
            "google_dialogflow_cx_agent.agent"
          ]
        }
      ]
    },
    {
      "mode": "managed",
      "type": "google_dialogflow_cx_page",
      "name": "start_page",
      "provider": "provider[\"registry.terraform.io/hashicorp/google\"]",
      "instances": [
        {
          "schema_version": 0,
          "attributes": {
            "advanced_settings": [],
            "display_name": "StartPage",
            "entry_fulfillment": [
              {
                "conditional_cases": [],
                "messages": [
                  {
                    "channel": "",
                    "conversation_success": [],
                    "live_agent_handoff": [],
                    "output_audio_text": [],
                    "payload": "",
                    "play_audio": [],
                    "telephony_transfer_call": [],
                    "text": [
                      {
                        "allow_playback_interruption": false,
                        "text": [
                          "Welcome! Where would you like to fly today?"
                        ]
                      }
                    ]
                  }
                ],
                "return_partial_responses": false,
                "set_parameter_actions": [],
                "tag": "",
                "webhook": ""
              }
            ],
            "event_handlers": [],
            "form": [],
            "id": "projects/cld-chatbot/locations/us-central1/agents/4f367396-5a7c-4d06-b405-b8c6d111d276/flows/45541d6e-a29d-4323-8419-673bb84ee242/pages/2abf752d-6808-4672-92be-540ee51d3b23",
            "language_code": "",
            "name": "2abf752d-6808-4672-92be-540ee51d3b23",
            "parent": "projects/cld-chatbot/locations/us-central1/agents/4f367396-5a7c-4d06-b405-b8c6d111d276/flows/45541d6e-a29d-4323-8419-673bb84ee242",
            "timeouts": null,
            "transition_route_groups": null,
            "transition_routes": []
          },
          "sensitive_attributes": [],
          "private": "eyJlMmJmYjczMC1lY2FhLTExZTYtOGY4OC0zNDM2M2JjN2M0YzAiOnsiY3JlYXRlIjoyNDAwMDAwMDAwMDAwLCJkZWxldGUiOjEyMDAwMDAwMDAwMDAsInVwZGF0ZSI6MjQwMDAwMDAwMDAwMH19",
          "dependencies": [
            "google_dialogflow_cx_agent.agent",
            "google_dialogflow_cx_flow.book_flight_flow"
          ]
        }
      ]
    },
    {
      "mode": "managed",
      "type": "google_dialogflow_cx_page",
      "name": "store_hours",
      "provider": "provider[\"registry.terraform.io/hashicorp/google\"]",
      "instances": [
        {
          "schema_version": 0,
          "attributes": {
            "advanced_settings": [],
            "display_name": "Store Hours",
            "entry_fulfillment": [
              {
                "conditional_cases": [],
                "messages": [
                  {
                    "channel": "",
                    "conversation_success": [],
                    "live_agent_handoff": [],
                    "output_audio_text": [],
                    "payload": "",
                    "play_audio": [],
                    "telephony_transfer_call": [],
                    "text": [
                      {
                        "allow_playback_interruption": false,
                        "text": [
                          "We are open from 8 am to 5 pm Monday through Sunday."
                        ]
                      }
                    ]
                  }
                ],
                "return_partial_responses": false,
                "set_parameter_actions": [],
                "tag": "",
                "webhook": ""
              }
            ],
            "event_handlers": [],
            "form": [],
            "id": "projects/cld-chatbot/locations/us-central1/agents/4f367396-5a7c-4d06-b405-b8c6d111d276/flows/00000000-0000-0000-0000-000000000000/pages/03397dca-a372-40c2-9701-ffd58e07038a",
            "language_code": "",
            "name": "03397dca-a372-40c2-9701-ffd58e07038a",
            "parent": "projects/cld-chatbot/locations/us-central1/agents/4f367396-5a7c-4d06-b405-b8c6d111d276/flows/00000000-0000-0000-0000-000000000000",
            "timeouts": null,
            "transition_route_groups": [],
            "transition_routes": []
          },
          "sensitive_attributes": [],
          "private": "eyJlMmJmYjczMC1lY2FhLTExZTYtOGY4OC0zNDM2M2JjN2M0YzAiOnsiY3JlYXRlIjoyNDAwMDAwMDAwMDAwLCJkZWxldGUiOjEyMDAwMDAwMDAwMDAsInVwZGF0ZSI6MjQwMDAwMDAwMDAwMH19",
          "dependencies": [
            "google_dialogflow_cx_agent.agent"
          ]
        }
      ]
    },
    {
      "mode": "managed",
      "type": "google_dialogflow_cx_page",
      "name": "store_location",
      "provider": "provider[\"registry.terraform.io/hashicorp/google\"]",
      "instances": [
        {
          "schema_version": 0,
          "attributes": {
            "advanced_settings": [],
            "display_name": "Store Location",
            "entry_fulfillment": [
              {
                "conditional_cases": [],
                "messages": [
                  {
                    "channel": "",
                    "conversation_success": [],
                    "live_agent_handoff": [],
                    "output_audio_text": [],
                    "payload": "",
                    "play_audio": [],
                    "telephony_transfer_call": [],
                    "text": [
                      {
                        "allow_playback_interruption": false,
                        "text": [
                          "Our store is located at 1007 Mountain Drive, Gotham City, NJ."
                        ]
                      }
                    ]
                  }
                ],
                "return_partial_responses": false,
                "set_parameter_actions": [],
                "tag": "",
                "webhook": ""
              }
            ],
            "event_handlers": [],
            "form": [],
            "id": "projects/cld-chatbot/locations/us-central1/agents/4f367396-5a7c-4d06-b405-b8c6d111d276/flows/00000000-0000-0000-0000-000000000000/pages/4c3e365c-dab7-482a-b142-de92be46b1f0",
            "language_code": "",
            "name": "4c3e365c-dab7-482a-b142-de92be46b1f0",
            "parent": "projects/cld-chatbot/locations/us-central1/agents/4f367396-5a7c-4d06-b405-b8c6d111d276/flows/00000000-0000-0000-0000-000000000000",
            "timeouts": null,
            "transition_route_groups": [],
            "transition_routes": []
          },
          "sensitive_attributes": [],
          "private": "eyJlMmJmYjczMC1lY2FhLTExZTYtOGY4OC0zNDM2M2JjN2M0YzAiOnsiY3JlYXRlIjoyNDAwMDAwMDAwMDAwLCJkZWxldGUiOjEyMDAwMDAwMDAwMDAsInVwZGF0ZSI6MjQwMDAwMDAwMDAwMH19",
          "dependencies": [
            "google_dialogflow_cx_agent.agent"
          ]
        }
      ]
    },
    {
      "mode": "managed",
      "type": "null_resource",
      "name": "default_start_flow",
      "provider": "provider[\"registry.terraform.io/hashicorp/null\"]",
      "instances": [
        {
          "schema_version": 0,
          "attributes": {
            "id": "8189952279020323560",
            "triggers": {
              "AGENT": "4f367396-5a7c-4d06-b405-b8c6d111d276",
              "DEFAULT_START_FLOW": "00000000-0000-0000-0000-000000000000",
              "DEFAULT_WELCOME_INTENT": "00000000-0000-0000-0000-000000000000",
              "LOCATION": "us-central1",
              "NEW_ORDER_INTENT": "projects/cld-chatbot/locations/us-central1/agents/4f367396-5a7c-4d06-b405-b8c6d111d276/intents/79499b42-7d46-43ba-abec-1221416be9a9",
              "NEW_ORDER_PAGE": "projects/cld-chatbot/locations/us-central1/agents/4f367396-5a7c-4d06-b405-b8c6d111d276/flows/00000000-0000-0000-0000-000000000000/pages/55302aaf-2b31-4c2b-8eee-3a28221609d2",
              "PROJECT": "cld-chatbot",
              "STORE_HOURS_INTENT": "projects/cld-chatbot/locations/us-central1/agents/4f367396-5a7c-4d06-b405-b8c6d111d276/intents/b921cba5-be54-4eff-8ffd-faec14a369d3",
              "STORE_HOURS_PAGE": "projects/cld-chatbot/locations/us-central1/agents/4f367396-5a7c-4d06-b405-b8c6d111d276/flows/00000000-0000-0000-0000-000000000000/pages/03397dca-a372-40c2-9701-ffd58e07038a",
              "STORE_LOCATION_INTENT": "projects/cld-chatbot/locations/us-central1/agents/4f367396-5a7c-4d06-b405-b8c6d111d276/intents/c5f4ad96-d84d-4ff3-9243-a3daf119d5ce",
              "STORE_LOCATION_PAGE": "projects/cld-chatbot/locations/us-central1/agents/4f367396-5a7c-4d06-b405-b8c6d111d276/flows/00000000-0000-0000-0000-000000000000/pages/4c3e365c-dab7-482a-b142-de92be46b1f0"
            }
          },
          "sensitive_attributes": [],
          "dependencies": [
            "google_dialogflow_cx_agent.agent",
            "google_dialogflow_cx_entity_type.size",
            "google_dialogflow_cx_intent.order_new",
            "google_dialogflow_cx_intent.store_hours",
            "google_dialogflow_cx_intent.store_location",
            "google_dialogflow_cx_page.new_order",
            "google_dialogflow_cx_page.order_confirmation",
            "google_dialogflow_cx_page.store_hours",
            "google_dialogflow_cx_page.store_location"
          ]
        }
      ]
    }
  ],
  "check_results": null
}
